
Microsoft Visual Studio Solution File, Format Version 12.00
# Visual Studio Version 17
VisualStudioVersion = 17.8.34316.72
MinimumVisualStudioVersion = 10.0.40219.1
Project("{FAE04EC0-301F-11D3-BF4B-00C04F79EFBC}") = "Bookstore", "Bookstore\Bookstore.csproj", "{47892C31-EC33-4774-B9C6-EC508E681520}"
EndProject
Global
	GlobalSection(SolutionConfigurationPlatforms) = preSolution
		Debug|Any CPU = Debug|Any CPU
		Release|Any CPU = Release|Any CPU
	EndGlobalSection
	GlobalSection(ProjectConfigurationPlatforms) = postSolution
		{47892C31-EC33-4774-B9C6-EC508E681520}.Debug|Any CPU.ActiveCfg = Debug|Any CPU
		{47892C31-EC33-4774-B9C6-EC508E681520}.Debug|Any CPU.Build.0 = Debug|Any CPU
		{47892C31-EC33-4774-B9C6-EC508E681520}.Release|Any CPU.ActiveCfg = Release|Any CPU
		{47892C31-EC33-4774-B9C6-EC508E681520}.Release|Any CPU.Build.0 = Release|Any CPU
	EndGlobalSection
	GlobalSection(SolutionProperties) = preSolution
		HideSolutionNode = FALSE
	EndGlobalSection
	GlobalSection(ExtensibilityGlobals) = postSolution
		SolutionGuid = {F2085908-AC19-44FC-8AB6-876AD30C1E62}
	EndGlobalSection
EndGlobal
